
Microsoft Visual Studio Solution File, Format Version 12.00
# Visual Studio Version 16
VisualStudioVersion = 16.0.30406.217
MinimumVisualStudioVersion = 10.0.40219.1
Project("{8BC9CEB8-8B4A-11D0-8D11-00A0C91BC942}") = "Daily Challenge 399 - Letter Value Sum", "Daily Challenge 399 - Letter Value Sum\Daily Challenge 399 - Letter Value Sum.vcxproj", "{DDBAA84C-70FC-437F-BA1F-1A9CE6E262A6}"
EndProject
Global
	GlobalSection(SolutionConfigurationPlatforms) = preSolution
		Debug|x64 = Debug|x64
		Debug|x86 = Debug|x86
		Release|x64 = Release|x64
		Release|x86 = Release|x86
	EndGlobalSection
	GlobalSection(ProjectConfigurationPlatforms) = postSolution
		{DDBAA84C-70FC-437F-BA1F-1A9CE6E262A6}.Debug|x64.ActiveCfg = Debug|x64
		{DDBAA84C-70FC-437F-BA1F-1A9CE6E262A6}.Debug|x64.Build.0 = Debug|x64
		{DDBAA84C-70FC-437F-BA1F-1A9CE6E262A6}.Debug|x86.ActiveCfg = Debug|Win32
		{DDBAA84C-70FC-437F-BA1F-1A9CE6E262A6}.Debug|x86.Build.0 = Debug|Win32
		{DDBAA84C-70FC-437F-BA1F-1A9CE6E262A6}.Release|x64.ActiveCfg = Release|x64
		{DDBAA84C-70FC-437F-BA1F-1A9CE6E262A6}.Release|x64.Build.0 = Release|x64
		{DDBAA84C-70FC-437F-BA1F-1A9CE6E262A6}.Release|x86.ActiveCfg = Release|Win32
		{DDBAA84C-70FC-437F-BA1F-1A9CE6E262A6}.Release|x86.Build.0 = Release|Win32
	EndGlobalSection
	GlobalSection(SolutionProperties) = preSolution
		HideSolutionNode = FALSE
	EndGlobalSection
	GlobalSection(ExtensibilityGlobals) = postSolution
		SolutionGuid = {FE4330F3-64EB-4D24-A1BA-BAF8E7E509B1}
	EndGlobalSection
EndGlobal
